
Microsoft Visual Studio Solution File, Format Version 12.00
# Visual Studio Version 17
VisualStudioVersion = 17.0.31903.59
MinimumVisualStudioVersion = 10.0.40219.1
Project("{2150E333-8FDC-42A3-9474-1A3956D46DE8}") = "src", "src", "{25284DF2-7121-401F-8FF0-5B99BF917C4B}"
EndProject
Project("{F2A71F9B-5D33-465A-A702-920D77279786}") = "VectorSimple", "src\VectorSimple\VectorSimple.fsproj", "{7AD9F82C-A922-4EA4-965A-AF9B2CC97935}"
EndProject
Global
	GlobalSection(SolutionConfigurationPlatforms) = preSolution
		Debug|Any CPU = Debug|Any CPU
		Release|Any CPU = Release|Any CPU
	EndGlobalSection
	GlobalSection(SolutionProperties) = preSolution
		HideSolutionNode = FALSE
	EndGlobalSection
	GlobalSection(ProjectConfigurationPlatforms) = postSolution
		{7AD9F82C-A922-4EA4-965A-AF9B2CC97935}.Debug|Any CPU.ActiveCfg = Debug|Any CPU
		{7AD9F82C-A922-4EA4-965A-AF9B2CC97935}.Debug|Any CPU.Build.0 = Debug|Any CPU
		{7AD9F82C-A922-4EA4-965A-AF9B2CC97935}.Release|Any CPU.ActiveCfg = Release|Any CPU
		{7AD9F82C-A922-4EA4-965A-AF9B2CC97935}.Release|Any CPU.Build.0 = Release|Any CPU
	EndGlobalSection
	GlobalSection(NestedProjects) = preSolution
		{7AD9F82C-A922-4EA4-965A-AF9B2CC97935} = {25284DF2-7121-401F-8FF0-5B99BF917C4B}
	EndGlobalSection
EndGlobal
